
Microsoft Visual Studio Solution File, Format Version 12.00
# Visual Studio 15
VisualStudioVersion = 15.0.26730.16
MinimumVisualStudioVersion = 10.0.40219.1
Project("{FAE04EC0-301F-11D3-BF4B-00C04F79EFBC}") = "RestSem3SystemMockBeerTest", "RestSem3SystemMockBeerTest\RestSem3SystemMockBeerTest.csproj", "{4CD6CF00-65E3-492A-976F-7EF46EA6EDE5}"
EndProject
Global
	GlobalSection(SolutionConfigurationPlatforms) = preSolution
		Debug|Any CPU = Debug|Any CPU
		Release|Any CPU = Release|Any CPU
	EndGlobalSection
	GlobalSection(ProjectConfigurationPlatforms) = postSolution
		{4CD6CF00-65E3-492A-976F-7EF46EA6EDE5}.Debug|Any CPU.ActiveCfg = Debug|Any CPU
		{4CD6CF00-65E3-492A-976F-7EF46EA6EDE5}.Debug|Any CPU.Build.0 = Debug|Any CPU
		{4CD6CF00-65E3-492A-976F-7EF46EA6EDE5}.Release|Any CPU.ActiveCfg = Release|Any CPU
		{4CD6CF00-65E3-492A-976F-7EF46EA6EDE5}.Release|Any CPU.Build.0 = Release|Any CPU
	EndGlobalSection
	GlobalSection(SolutionProperties) = preSolution
		HideSolutionNode = FALSE
	EndGlobalSection
	GlobalSection(ExtensibilityGlobals) = postSolution
		SolutionGuid = {D366A011-A30E-401B-8DD9-92D6C2C06516}
	EndGlobalSection
EndGlobal
